
Microsoft Visual Studio Solution File, Format Version 12.00
# Visual Studio Version 17
VisualStudioVersion = 17.14.36408.4 d17.14
MinimumVisualStudioVersion = 10.0.40219.1
Project("{888888A0-9F3D-457C-B088-3A5042F75D52}") = "PKPZlab7.1", "PKPZlab7.1\PKPZlab7.1.pyproj", "{6573206C-2D88-4CC2-B89D-24EE4664CF87}"
EndProject
Project("{FAE04EC0-301F-11D3-BF4B-00C04F79EFBC}") = "PKPZlab7.2", "PKPZlab7.2\PKPZlab7.2.csproj", "{00FE4206-1287-4469-B529-769B38EF724A}"
EndProject
Project("{FAE04EC0-301F-11D3-BF4B-00C04F79EFBC}") = "PKPZlab7.3", "PKPZlab7.3\PKPZlab7.3.csproj", "{459F11DA-62A9-47B4-BF36-82BDEB1EA1C0}"
EndProject
Global
	GlobalSection(SolutionConfigurationPlatforms) = preSolution
		Debug|Any CPU = Debug|Any CPU
		Release|Any CPU = Release|Any CPU
	EndGlobalSection
	GlobalSection(ProjectConfigurationPlatforms) = postSolution
		{6573206C-2D88-4CC2-B89D-24EE4664CF87}.Debug|Any CPU.ActiveCfg = Debug|Any CPU
		{6573206C-2D88-4CC2-B89D-24EE4664CF87}.Release|Any CPU.ActiveCfg = Release|Any CPU
		{00FE4206-1287-4469-B529-769B38EF724A}.Debug|Any CPU.ActiveCfg = Debug|Any CPU
		{00FE4206-1287-4469-B529-769B38EF724A}.Debug|Any CPU.Build.0 = Debug|Any CPU
		{00FE4206-1287-4469-B529-769B38EF724A}.Release|Any CPU.ActiveCfg = Release|Any CPU
		{00FE4206-1287-4469-B529-769B38EF724A}.Release|Any CPU.Build.0 = Release|Any CPU
		{459F11DA-62A9-47B4-BF36-82BDEB1EA1C0}.Debug|Any CPU.ActiveCfg = Debug|Any CPU
		{459F11DA-62A9-47B4-BF36-82BDEB1EA1C0}.Debug|Any CPU.Build.0 = Debug|Any CPU
		{459F11DA-62A9-47B4-BF36-82BDEB1EA1C0}.Release|Any CPU.ActiveCfg = Release|Any CPU
		{459F11DA-62A9-47B4-BF36-82BDEB1EA1C0}.Release|Any CPU.Build.0 = Release|Any CPU
	EndGlobalSection
	GlobalSection(SolutionProperties) = preSolution
		HideSolutionNode = FALSE
	EndGlobalSection
	GlobalSection(ExtensibilityGlobals) = postSolution
		SolutionGuid = {2FB00828-1773-46EF-8F52-38E88133B456}
	EndGlobalSection
EndGlobal
